
Microsoft Visual Studio Solution File, Format Version 12.00
# Visual Studio Version 16
VisualStudioVersion = 16.0.32802.440
MinimumVisualStudioVersion = 10.0.40219.1
Project("{FAE04EC0-301F-11D3-BF4B-00C04F79EFBC}") = "GitHubMonitorApp", "GitHubMonitorApp\GitHubMonitorApp.csproj", "{CE2947BE-2E94-4ACA-89AE-E6D5C950CF97}"
EndProject
Global
	GlobalSection(SolutionConfigurationPlatforms) = preSolution
		Debug|Any CPU = Debug|Any CPU
		Release|Any CPU = Release|Any CPU
	EndGlobalSection
	GlobalSection(ProjectConfigurationPlatforms) = postSolution
		{CE2947BE-2E94-4ACA-89AE-E6D5C950CF97}.Debug|Any CPU.ActiveCfg = Debug|Any CPU
		{CE2947BE-2E94-4ACA-89AE-E6D5C950CF97}.Debug|Any CPU.Build.0 = Debug|Any CPU
		{CE2947BE-2E94-4ACA-89AE-E6D5C950CF97}.Release|Any CPU.ActiveCfg = Release|Any CPU
		{CE2947BE-2E94-4ACA-89AE-E6D5C950CF97}.Release|Any CPU.Build.0 = Release|Any CPU
	EndGlobalSection
	GlobalSection(SolutionProperties) = preSolution
		HideSolutionNode = FALSE
	EndGlobalSection
	GlobalSection(ExtensibilityGlobals) = postSolution
		SolutionGuid = {3DA97D5F-F48A-4B33-AB71-540A91BBD22E}
	EndGlobalSection
EndGlobal
